// !$*UTF8*$!
{
	archiveVersion = 1;
	classes = {
	};
	objectVersion = 50;
	objects = {

/* Begin PBXBuildFile section */
		3E75F5C326D2C38D0032CAA4 /* RegexRenameApp.swift in Sources */ = {isa = PBXBuildFile; fileRef = 3E75F5C226D2C38D0032CAA4 /* RegexRenameApp.swift */; };
		3E75F5C526D2C38D0032CAA4 /* ContentView.swift in Sources */ = {isa = PBXBuildFile; fileRef = 3E75F5C426D2C38D0032CAA4 /* ContentView.swift */; };
		3E75F5C726D2C38D0032CAA4 /* Assets.xcassets in Resources */ = {isa = PBXBuildFile; fileRef = 3E75F5C626D2C38D0032CAA4 /* Assets.xcassets */; };
		3E75F5CA26D2C38D0032CAA4 /* Preview Assets.xcassets in Resources */ = {isa = PBXBuildFile; fileRef = 3E75F5C926D2C38D0032CAA4 /* Preview Assets.xcassets */; };
		3E76CE8626D95EAA009BACE2 /* String.swift in Sources */ = {isa = PBXBuildFile; fileRef = 3E76CE8526D95EAA009BACE2 /* String.swift */; };
		3EA8FAF926D94FC900396F43 /* StringTest.swift in Sources */ = {isa = PBXBuildFile; fileRef = 3EA8FAF826D94FC900396F43 /* StringTest.swift */; };
		3EBD519226D3546C0036ECB3 /* ProgramArgs.swift in Sources */ = {isa = PBXBuildFile; fileRef = 3EBD519126D3546C0036ECB3 /* ProgramArgs.swift */; };
/* End PBXBuildFile section */

/* Begin PBXFileReference section */
		3E75F5BF26D2C38D0032CAA4 /* RegexRename.app */ = {isa = PBXFileReference; explicitFileType = wrapper.application; includeInIndex = 0; path = RegexRename.app; sourceTree = BUILT_PRODUCTS_DIR; };
		3E75F5C226D2C38D0032CAA4 /* RegexRenameApp.swift */ = {isa = PBXFileReference; lastKnownFileType = sourcecode.swift; path = RegexRenameApp.swift; sourceTree = "<group>"; };
		3E75F5C426D2C38D0032CAA4 /* ContentView.swift */ = {isa = PBXFileReference; lastKnownFileType = sourcecode.swift; path = ContentView.swift; sourceTree = "<group>"; };
		3E75F5C626D2C38D0032CAA4 /* Assets.xcassets */ = {isa = PBXFileReference; lastKnownFileType = folder.assetcatalog; path = Assets.xcassets; sourceTree = "<group>"; };
		3E75F5C926D2C38D0032CAA4 /* Preview Assets.xcassets */ = {isa = PBXFileReference; lastKnownFileType = folder.assetcatalog; path = "Preview Assets.xcassets"; sourceTree = "<group>"; };
		3E75F5CB26D2C38D0032CAA4 /* Info.plist */ = {isa = PBXFileReference; lastKnownFileType = text.plist.xml; path = Info.plist; sourceTree = "<group>"; };
		3E75F5CC26D2C38D0032CAA4 /* RegexRename.entitlements */ = {isa = PBXFileReference; lastKnownFileType = text.plist.entitlements; path = RegexRename.entitlements; sourceTree = "<group>"; };
		3E76CE8526D95EAA009BACE2 /* String.swift */ = {isa = PBXFileReference; lastKnownFileType = sourcecode.swift; path = String.swift; sourceTree = "<group>"; };
		3EA8FAF826D94FC900396F43 /* StringTest.swift */ = {isa = PBXFileReference; lastKnownFileType = sourcecode.swift; path = StringTest.swift; sourceTree = "<group>"; };
		3EBD519126D3546C0036ECB3 /* ProgramArgs.swift */ = {isa = PBXFileReference; lastKnownFileType = sourcecode.swift; path = ProgramArgs.swift; sourceTree = "<group>"; };
/* End PBXFileReference section */

/* Begin PBXFrameworksBuildPhase section */
		3E75F5BC26D2C38C0032CAA4 /* Frameworks */ = {
			isa = PBXFrameworksBuildPhase;
			buildActionMask = 2147483647;
			files = (
			);
			runOnlyForDeploymentPostprocessing = 0;
		};
/* End PBXFrameworksBuildPhase section */

/* Begin PBXGroup section */
		3E75F5B626D2C38C0032CAA4 = {
			isa = PBXGroup;
			children = (
				3EBD519126D3546C0036ECB3 /* ProgramArgs.swift */,
				3E75F5C126D2C38D0032CAA4 /* RegexRename */,
				3E75F5C026D2C38D0032CAA4 /* Products */,
			);
			sourceTree = "<group>";
		};
		3E75F5C026D2C38D0032CAA4 /* Products */ = {
			isa = PBXGroup;
			children = (
				3E75F5BF26D2C38D0032CAA4 /* RegexRename.app */,
			);
			name = Products;
			sourceTree = "<group>";
		};
		3E75F5C126D2C38D0032CAA4 /* RegexRename */ = {
			isa = PBXGroup;
			children = (
				3EA8FAF826D94FC900396F43 /* StringTest.swift */,
				3E76CE8526D95EAA009BACE2 /* String.swift */,
				3E75F5C226D2C38D0032CAA4 /* RegexRenameApp.swift */,
				3E75F5C426D2C38D0032CAA4 /* ContentView.swift */,
				3E75F5C626D2C38D0032CAA4 /* Assets.xcassets */,
				3E75F5CB26D2C38D0032CAA4 /* Info.plist */,
				3E75F5CC26D2C38D0032CAA4 /* RegexRename.entitlements */,
				3E75F5C826D2C38D0032CAA4 /* Preview Content */,
			);
			path = RegexRename;
			sourceTree = "<group>";
		};
		3E75F5C826D2C38D0032CAA4 /* Preview Content */ = {
			isa = PBXGroup;
			children = (
				3E75F5C926D2C38D0032CAA4 /* Preview Assets.xcassets */,
			);
			path = "Preview Content";
			sourceTree = "<group>";
		};
/* End PBXGroup section */

/* Begin PBXNativeTarget section */
		3E75F5BE26D2C38C0032CAA4 /* RegexRename */ = {
			isa = PBXNativeTarget;
			buildConfigurationList = 3E75F5CF26D2C38D0032CAA4 /* Build configuration list for PBXNativeTarget "RegexRename" */;
			buildPhases = (
				3E75F5BB26D2C38C0032CAA4 /* Sources */,
				3E75F5BC26D2C38C0032CAA4 /* Frameworks */,
				3E75F5BD26D2C38C0032CAA4 /* Resources */,
			);
			buildRules = (
			);
			dependencies = (
			);
			name = RegexRename;
			productName = RegexRename;
			productReference = 3E75F5BF26D2C38D0032CAA4 /* RegexRename.app */;
			productType = "com.apple.product-type.application";
		};
/* End PBXNativeTarget section */

/* Begin PBXProject section */
		3E75F5B726D2C38C0032CAA4 /* Project object */ = {
			isa = PBXProject;
			attributes = {
				LastSwiftUpdateCheck = 1250;
				LastUpgradeCheck = 1250;
				TargetAttributes = {
					3E75F5BE26D2C38C0032CAA4 = {
						CreatedOnToolsVersion = 12.5.1;
					};
				};
			};
			buildConfigurationList = 3E75F5BA26D2C38C0032CAA4 /* Build configuration list for PBXProject "RegexRename" */;
			compatibilityVersion = "Xcode 9.3";
			developmentRegion = en;
			hasScannedForEncodings = 0;
			knownRegions = (
				en,
				Base,
			);
			mainGroup = 3E75F5B626D2C38C0032CAA4;
			productRefGroup = 3E75F5C026D2C38D0032CAA4 /* Products */;
			projectDirPath = "";
			projectRoot = "";
			targets = (
				3E75F5BE26D2C38C0032CAA4 /* RegexRename */,
			);
		};
/* End PBXProject section */

/* Begin PBXResourcesBuildPhase section */
		3E75F5BD26D2C38C0032CAA4 /* Resources */ = {
			isa = PBXResourcesBuildPhase;
			buildActionMask = 2147483647;
			files = (
				3E75F5CA26D2C38D0032CAA4 /* Preview Assets.xcassets in Resources */,
				3E75F5C726D2C38D0032CAA4 /* Assets.xcassets in Resources */,
			);
			runOnlyForDeploymentPostprocessing = 0;
		};
/* End PBXResourcesBuildPhase section */

/* Begin PBXSourcesBuildPhase section */
		3E75F5BB26D2C38C0032CAA4 /* Sources */ = {
			isa = PBXSourcesBuildPhase;
			buildActionMask = 2147483647;
			files = (
				3E75F5C526D2C38D0032CAA4 /* ContentView.swift in Sources */,
				3E75F5C326D2C38D0032CAA4 /* RegexRenameApp.swift in Sources */,
				3E76CE8626D95EAA009BACE2 /* String.swift in Sources */,
				3EBD519226D3546C0036ECB3 /* ProgramArgs.swift in Sources */,
				3EA8FAF926D94FC900396F43 /* StringTest.swift in Sources */,
			);
			runOnlyForDeploymentPostprocessing = 0;
		};
/* End PBXSourcesBuildPhase section */

/* Begin XCBuildConfiguration section */
		3E75F5CD26D2C38D0032CAA4 /* Debug */ = {
			isa = XCBuildConfiguration;
			buildSettings = {
				ALWAYS_SEARCH_USER_PATHS = NO;
				CLANG_ANALYZER_NONNULL = YES;
				CLANG_ANALYZER_NUMBER_OBJECT_CONVERSION = YES_AGGRESSIVE;
				CLANG_CXX_LANGUAGE_STANDARD = "gnu++14";
				CLANG_CXX_LIBRARY = "libc++";
				CLANG_ENABLE_MODULES = YES;
				CLANG_ENABLE_OBJC_ARC = YES;
				CLANG_ENABLE_OBJC_WEAK = YES;
				CLANG_WARN_BLOCK_CAPTURE_AUTORELEASING = YES;
				CLANG_WARN_BOOL_CONVERSION = YES;
				CLANG_WARN_COMMA = YES;
				CLANG_WARN_CONSTANT_CONVERSION = YES;
				CLANG_WARN_DEPRECATED_OBJC_IMPLEMENTATIONS = YES;
				CLANG_WARN_DIRECT_OBJC_ISA_USAGE = YES_ERROR;
				CLANG_WARN_DOCUMENTATION_COMMENTS = YES;
				CLANG_WARN_EMPTY_BODY = YES;
				CLANG_WARN_ENUM_CONVERSION = YES;
				CLANG_WARN_INFINITE_RECURSION = YES;
				CLANG_WARN_INT_CONVERSION = YES;
				CLANG_WARN_NON_LITERAL_NULL_CONVERSION = YES;
				CLANG_WARN_OBJC_IMPLICIT_RETAIN_SELF = YES;
				CLANG_WARN_OBJC_LITERAL_CONVERSION = YES;
				CLANG_WARN_OBJC_ROOT_CLASS = YES_ERROR;
				CLANG_WARN_QUOTED_INCLUDE_IN_FRAMEWORK_HEADER = YES;
				CLANG_WARN_RANGE_LOOP_ANALYSIS = YES;
				CLANG_WARN_STRICT_PROTOTYPES = YES;
				CLANG_WARN_SUSPICIOUS_MOVE = YES;
				CLANG_WARN_UNGUARDED_AVAILABILITY = YES_AGGRESSIVE;
				CLANG_WARN_UNREACHABLE_CODE = YES;
				CLANG_WARN__DUPLICATE_METHOD_MATCH = YES;
				COPY_PHASE_STRIP = NO;
				DEBUG_INFORMATION_FORMAT = dwarf;
				ENABLE_STRICT_OBJC_MSGSEND = YES;
				ENABLE_TESTABILITY = YES;
				ENABLE_TESTING_SEARCH_PATHS = YES;
				GCC_C_LANGUAGE_STANDARD = gnu11;
				GCC_DYNAMIC_NO_PIC = NO;
				GCC_NO_COMMON_BLOCKS = YES;
				GCC_OPTIMIZATION_LEVEL = 0;
				GCC_PREPROCESSOR_DEFINITIONS = (
					"DEBUG=1",
					"$(inherited)",
				);
				GCC_WARN_64_TO_32_BIT_CONVERSION = YES;
				GCC_WARN_ABOUT_RETURN_TYPE = YES_ERROR;
				GCC_WARN_UNDECLARED_SELECTOR = YES;
				GCC_WARN_UNINITIALIZED_AUTOS = YES_AGGRESSIVE;
				GCC_WARN_UNUSED_FUNCTION = YES;
				GCC_WARN_UNUSED_VARIABLE = YES;
				MACOSX_DEPLOYMENT_TARGET = 11.3;
				MTL_ENABLE_DEBUG_INFO = INCLUDE_SOURCE;
				MTL_FAST_MATH = YES;
				ONLY_ACTIVE_ARCH = YES;
				SDKROOT = macosx;
				SWIFT_ACTIVE_COMPILATION_CONDITIONS = DEBUG;
				SWIFT_OPTIMIZATION_LEVEL = "-Onone";
			};
			name = Debug;
		};
		3E75F5CE26D2C38D0032CAA4 /* Release */ = {
			isa = XCBuildConfiguration;
			buildSettings = {
				ALWAYS_SEARCH_USER_PATHS = NO;
				CLANG_ANALYZER_NONNULL = YES;
				CLANG_ANALYZER_NUMBER_OBJECT_CONVERSION = YES_AGGRESSIVE;
				CLANG_CXX_LANGUAGE_STANDARD = "gnu++14";
				CLANG_CXX_LIBRARY = "libc++";
				CLANG_ENABLE_MODULES = YES;
				CLANG_ENABLE_OBJC_ARC = YES;
				CLANG_ENABLE_OBJC_WEAK = YES;
				CLANG_WARN_BLOCK_CAPTURE_AUTORELEASING = YES;
				CLANG_WARN_BOOL_CONVERSION = YES;
				CLANG_WARN_COMMA = YES;
				CLANG_WARN_CONSTANT_CONVERSION = YES;
				CLANG_WARN_DEPRECATED_OBJC_IMPLEMENTATIONS = YES;
				CLANG_WARN_DIRECT_OBJC_ISA_USAGE = YES_ERROR;
				CLANG_WARN_DOCUMENTATION_COMMENTS = YES;
				CLANG_WARN_EMPTY_BODY = YES;
				CLANG_WARN_ENUM_CONVERSION = YES;
				CLANG_WARN_INFINITE_RECURSION = YES;
				CLANG_WARN_INT_CONVERSION = YES;
				CLANG_WARN_NON_LITERAL_NULL_CONVERSION = YES;
				CLANG_WARN_OBJC_IMPLICIT_RETAIN_SELF = YES;
				CLANG_WARN_OBJC_LITERAL_CONVERSION = YES;
				CLANG_WARN_OBJC_ROOT_CLASS = YES_ERROR;
				CLANG_WARN_QUOTED_INCLUDE_IN_FRAMEWORK_HEADER = YES;
				CLANG_WARN_RANGE_LOOP_ANALYSIS = YES;
				CLANG_WARN_STRICT_PROTOTYPES = YES;
				CLANG_WARN_SUSPICIOUS_MOVE = YES;
				CLANG_WARN_UNGUARDED_AVAILABILITY = YES_AGGRESSIVE;
				CLANG_WARN_UNREACHABLE_CODE = YES;
				CLANG_WARN__DUPLICATE_METHOD_MATCH = YES;
				COPY_PHASE_STRIP = NO;
				DEBUG_INFORMATION_FORMAT = "dwarf-with-dsym";
				ENABLE_NS_ASSERTIONS = NO;
				ENABLE_STRICT_OBJC_MSGSEND = YES;
				ENABLE_TESTING_SEARCH_PATHS = YES;
				GCC_C_LANGUAGE_STANDARD = gnu11;
				GCC_NO_COMMON_BLOCKS = YES;
				GCC_WARN_64_TO_32_BIT_CONVERSION = YES;
				GCC_WARN_ABOUT_RETURN_TYPE = YES_ERROR;
				GCC_WARN_UNDECLARED_SELECTOR = YES;
				GCC_WARN_UNINITIALIZED_AUTOS = YES_AGGRESSIVE;
				GCC_WARN_UNUSED_FUNCTION = YES;
				GCC_WARN_UNUSED_VARIABLE = YES;
				MACOSX_DEPLOYMENT_TARGET = 11.3;
				MTL_ENABLE_DEBUG_INFO = NO;
				MTL_FAST_MATH = YES;
				SDKROOT = macosx;
				SWIFT_COMPILATION_MODE = wholemodule;
				SWIFT_OPTIMIZATION_LEVEL = "-O";
			};
			name = Release;
		};
		3E75F5D026D2C38D0032CAA4 /* Debug */ = {
			isa = XCBuildConfiguration;
			buildSettings = {
				ASSETCATALOG_COMPILER_APPICON_NAME = AppIcon;
				ASSETCATALOG_COMPILER_GLOBAL_ACCENT_COLOR_NAME = AccentColor;
				CODE_SIGN_ENTITLEMENTS = RegexRename/RegexRename.entitlements;
				CODE_SIGN_STYLE = Automatic;
				COMBINE_HIDPI_IMAGES = YES;
				DEVELOPMENT_ASSET_PATHS = "\"RegexRename/Preview Content\"";
				ENABLE_PREVIEWS = YES;
				INFOPLIST_FILE = RegexRename/Info.plist;
				LD_RUNPATH_SEARCH_PATHS = (
					"$(inherited)",
					"@executable_path/../Frameworks",
				);
				MACOSX_DEPLOYMENT_TARGET = 11.0;
				PRODUCT_BUNDLE_IDENTIFIER = pje.RegexRename;
				PRODUCT_NAME = "$(TARGET_NAME)";
				SWIFT_VERSION = 5.0;
				"SYSTEM_FRAMEWORK_SEARCH_PATHS[arch=*]" = (
					"$(DEVELOPER_DIR)/Platforms/MacOSX.platform/Developer/Library/Frameworks",
					"$(inherited)",
				);
			};
			name = Debug;
		};
		3E75F5D126D2C38D0032CAA4 /* Release */ = {
			isa = XCBuildConfiguration;
			buildSettings = {
				ASSETCATALOG_COMPILER_APPICON_NAME = AppIcon;
				ASSETCATALOG_COMPILER_GLOBAL_ACCENT_COLOR_NAME = AccentColor;
				CODE_SIGN_ENTITLEMENTS = RegexRename/RegexRename.entitlements;
				CODE_SIGN_STYLE = Automatic;
				COMBINE_HIDPI_IMAGES = YES;
				DEVELOPMENT_ASSET_PATHS = "\"RegexRename/Preview Content\"";
				ENABLE_PREVIEWS = YES;
				INFOPLIST_FILE = RegexRename/Info.plist;
				LD_RUNPATH_SEARCH_PATHS = (
					"$(inherited)",
					"@executable_path/../Frameworks",
				);
				MACOSX_DEPLOYMENT_TARGET = 11.0;
				PRODUCT_BUNDLE_IDENTIFIER = pje.RegexRename;
				PRODUCT_NAME = "$(TARGET_NAME)";
				SWIFT_VERSION = 5.0;
			};
			name = Release;
		};
/* End XCBuildConfiguration section */

/* Begin XCConfigurationList section */
		3E75F5BA26D2C38C0032CAA4 /* Build configuration list for PBXProject "RegexRename" */ = {
			isa = XCConfigurationList;
			buildConfigurations = (
				3E75F5CD26D2C38D0032CAA4 /* Debug */,
				3E75F5CE26D2C38D0032CAA4 /* Release */,
			);
			defaultConfigurationIsVisible = 0;
			defaultConfigurationName = Release;
		};
		3E75F5CF26D2C38D0032CAA4 /* Build configuration list for PBXNativeTarget "RegexRename" */ = {
			isa = XCConfigurationList;
			buildConfigurations = (
				3E75F5D026D2C38D0032CAA4 /* Debug */,
				3E75F5D126D2C38D0032CAA4 /* Release */,
			);
			defaultConfigurationIsVisible = 0;
			defaultConfigurationName = Release;
		};
/* End XCConfigurationList section */
	};
	rootObject = 3E75F5B726D2C38C0032CAA4 /* Project object */;
}
